PODS:
  - Nimble (7.0.3)
  - Quick (1.2.0)
  - Retrofire (0.1.0)

DEPENDENCIES:
  - Nimble (~> 7.0.2)
  - Quick (~> 1.2.0)
  - Retrofire (from `../`)

SPEC REPOS:
  https://github.com/cocoapods/specs.git:
    - Nimble
    - Quick

EXTERNAL SOURCES:
  Retrofire:
    :path: "../"

SPEC CHECKSUMS:
  Nimble: 7f5a9c447a33002645a071bddafbfb24ea70e0ac
  Quick: 58d203b1c5e27fff7229c4c1ae445ad7069a7a08
  Retrofire: 0d420f8e20723f45aa7e6f2c6042ab5f819e68c6

PODFILE CHECKSUM: a2ad8ab76b18b5204355e92e409bdb30fed94fae

COCOAPODS: 1.6.0.rc.2
